
Microsoft Visual Studio Solution File, Format Version 12.00
# Visual Studio Version 17
VisualStudioVersion = 17.13.35828.75 d17.13
MinimumVisualStudioVersion = 10.0.40219.1
Project("{FAE04EC0-301F-11D3-BF4B-00C04F79EFBC}") = "VoziBa", "VoziBa.csproj", "{C2A77B10-F454-4296-B92E-D85741EB8977}"
EndProject
Global
	GlobalSection(SolutionConfigurationPlatforms) = preSolution
		Debug|Any CPU = Debug|Any CPU
		Release|Any CPU = Release|Any CPU
	EndGlobalSection
	GlobalSection(ProjectConfigurationPlatforms) = postSolution
		{C2A77B10-F454-4296-B92E-D85741EB8977}.Debug|Any CPU.ActiveCfg = Debug|Any CPU
		{C2A77B10-F454-4296-B92E-D85741EB8977}.Debug|Any CPU.Build.0 = Debug|Any CPU
		{C2A77B10-F454-4296-B92E-D85741EB8977}.Release|Any CPU.ActiveCfg = Release|Any CPU
		{C2A77B10-F454-4296-B92E-D85741EB8977}.Release|Any CPU.Build.0 = Release|Any CPU
	EndGlobalSection
	GlobalSection(SolutionProperties) = preSolution
		HideSolutionNode = FALSE
	EndGlobalSection
	GlobalSection(ExtensibilityGlobals) = postSolution
		SolutionGuid = {C753E150-2D18-48CF-8A72-B4EF3A02D870}
	EndGlobalSection
EndGlobal
